# This file is automatically @generated by Cargo.
# It is not intended for manual editing.
version = 3

[[package]]
name = "flatten-pmw1"
version = "0.1.0"
dependencies = [
 "pmw1",
]

[[package]]
name = "pmw1"
version = "0.2.2"
source = "registry+https://github.com/rust-lang/crates.io-index"
checksum = "456757458c88c7c25b9a7e0b11cf61f865b441de227ab164e7075705b35d4431"
